
Microsoft Visual Studio Solution File, Format Version 12.00
# Visual Studio Version 17
VisualStudioVersion = 17.12.35514.174
MinimumVisualStudioVersion = 10.0.40219.1
Project("{2150E333-8FDC-42A3-9474-1A3956D46DE8}") = "src", "src", "{3F8EE036-F351-4151-95D8-3E0A2D2D72E6}"
EndProject
Project("{2150E333-8FDC-42A3-9474-1A3956D46DE8}") = "test", "test", "{776322E5-64C6-4641-B3FE-9981B70942CA}"
EndProject
Project("{FAE04EC0-301F-11D3-BF4B-00C04F79EFBC}") = "Bookify.Domain", "Bookify.Domain\Bookify.Domain.csproj", "{8B7E5725-9E6B-4DAB-AAC7-908E429122AB}"
EndProject
Project("{2150E333-8FDC-42A3-9474-1A3956D46DE8}") = "Solution Items", "Solution Items", "{53F1A377-F6CD-487E-9F3B-21C10D817015}"
	ProjectSection(SolutionItems) = preProject
		.gitignore = .gitignore
	EndProjectSection
EndProject
Global
	GlobalSection(SolutionConfigurationPlatforms) = preSolution
		Debug|Any CPU = Debug|Any CPU
		Release|Any CPU = Release|Any CPU
	EndGlobalSection
	GlobalSection(ProjectConfigurationPlatforms) = postSolution
		{8B7E5725-9E6B-4DAB-AAC7-908E429122AB}.Debug|Any CPU.ActiveCfg = Debug|Any CPU
		{8B7E5725-9E6B-4DAB-AAC7-908E429122AB}.Debug|Any CPU.Build.0 = Debug|Any CPU
		{8B7E5725-9E6B-4DAB-AAC7-908E429122AB}.Release|Any CPU.ActiveCfg = Release|Any CPU
		{8B7E5725-9E6B-4DAB-AAC7-908E429122AB}.Release|Any CPU.Build.0 = Release|Any CPU
	EndGlobalSection
	GlobalSection(SolutionProperties) = preSolution
		HideSolutionNode = FALSE
	EndGlobalSection
	GlobalSection(NestedProjects) = preSolution
		{8B7E5725-9E6B-4DAB-AAC7-908E429122AB} = {3F8EE036-F351-4151-95D8-3E0A2D2D72E6}
	EndGlobalSection
EndGlobal
